Microsoft Visual Studio Solution File, Format Version 12.00
# Visual Studio Version 17
VisualStudioVersion = 17.5.2.0
MinimumVisualStudioVersion = 10.0.40219.1
Project("{FAE04EC0-301F-11D3-BF4B-00C04F79EFBC}") = "OptimalRX", "OptimalRX\OptimalRX.csproj", "{4F539879-3909-6ACD-EFFD-46CE305FEDEE}"
EndProject
Global
	GlobalSection(SolutionConfigurationPlatforms) = preSolution
		Debug|Any CPU = Debug|Any CPU
		Release|Any CPU = Release|Any CPU
	EndGlobalSection
	GlobalSection(ProjectConfigurationPlatforms) = postSolution
		{4F539879-3909-6ACD-EFFD-46CE305FEDEE}.Debug|Any CPU.ActiveCfg = Debug|Any CPU
		{4F539879-3909-6ACD-EFFD-46CE305FEDEE}.Debug|Any CPU.Build.0 = Debug|Any CPU
		{4F539879-3909-6ACD-EFFD-46CE305FEDEE}.Release|Any CPU.ActiveCfg = Release|Any CPU
		{4F539879-3909-6ACD-EFFD-46CE305FEDEE}.Release|Any CPU.Build.0 = Release|Any CPU
	EndGlobalSection
	GlobalSection(SolutionProperties) = preSolution
		HideSolutionNode = FALSE
	EndGlobalSection
	GlobalSection(ExtensibilityGlobals) = postSolution
		SolutionGuid = {4F28693B-7CE4-4306-AD6C-B34E3F42DF91}
	EndGlobalSection
EndGlobal
